// !$*UTF8*$!
{
	archiveVersion = 1;
	classes = {
	};
	objectVersion = 50;
	objects = {

/* Begin PBXBuildFile section */
		2CE2E5BD248E333D00A457CC /* AppDelegate.swift in Sources */ = {isa = PBXBuildFile; fileRef = 2CE2E5BC248E333D00A457CC /* AppDelegate.swift */; };
		2CE2E5BF248E333D00A457CC /* SceneDelegate.swift in Sources */ = {isa = PBXBuildFile; fileRef = 2CE2E5BE248E333D00A457CC /* SceneDelegate.swift */; };
		2CE2E5C1248E333D00A457CC /* ViewController.swift in Sources */ = {isa = PBXBuildFile; fileRef = 2CE2E5C0248E333D00A457CC /* ViewController.swift */; };
		2CE2E5C4248E333D00A457CC /* Main.storyboard in Resources */ = {isa = PBXBuildFile; fileRef = 2CE2E5C2248E333D00A457CC /* Main.storyboard */; };
		2CE2E5C6248E333F00A457CC /* Assets.xcassets in Resources */ = {isa = PBXBuildFile; fileRef = 2CE2E5C5248E333F00A457CC /* Assets.xcassets */; };
		2CE2E5C9248E333F00A457CC /* LaunchScreen.storyboard in Resources */ = {isa = PBXBuildFile; fileRef = 2CE2E5C7248E333F00A457CC /* LaunchScreen.storyboard */; };
		2CE2E5D4248E334000A457CC /* GiledeRoseTests.swift in Sources */ = {isa = PBXBuildFile; fileRef = 2CE2E5D3248E334000A457CC /* GiledeRoseTests.swift */; };
		ABEF8819C890691300F2D5C4 /* Pods_GiledeRoseTests.framework in Frameworks */ = {isa = PBXBuildFile; fileRef = A1955DF8B2AE656192060B36 /* Pods_GiledeRoseTests.framework */; };
		EC025C80789C6222D24319F8 /* Pods_GiledeRose.framework in Frameworks */ = {isa = PBXBuildFile; fileRef = 24152F4D8E1A66CE1ABBF7A7 /* Pods_GiledeRose.framework */; };
/* End PBXBuildFile section */

/* Begin PBXContainerItemProxy section */
		2CE2E5D0248E334000A457CC /* PBXContainerItemProxy */ = {
			isa = PBXContainerItemProxy;
			containerPortal = 2CE2E5B1248E333D00A457CC /* Project object */;
			proxyType = 1;
			remoteGlobalIDString = 2CE2E5B8248E333D00A457CC;
			remoteInfo = GiledeRose;
		};
/* End PBXContainerItemProxy section */

/* Begin PBXFileReference section */
		24152F4D8E1A66CE1ABBF7A7 /* Pods_GiledeRose.framework */ = {isa = PBXFileReference; explicitFileType = wrapper.framework; includeInIndex = 0; path = Pods_GiledeRose.framework; sourceTree = BUILT_PRODUCTS_DIR; };
		2CE2E5B9248E333D00A457CC /* GiledeRose.app */ = {isa = PBXFileReference; explicitFileType = wrapper.application; includeInIndex = 0; path = GiledeRose.app; sourceTree = BUILT_PRODUCTS_DIR; };
		2CE2E5BC248E333D00A457CC /* AppDelegate.swift */ = {isa = PBXFileReference; lastKnownFileType = sourcecode.swift; path = AppDelegate.swift; sourceTree = "<group>"; };
		2CE2E5BE248E333D00A457CC /* SceneDelegate.swift */ = {isa = PBXFileReference; lastKnownFileType = sourcecode.swift; path = SceneDelegate.swift; sourceTree = "<group>"; };
		2CE2E5C0248E333D00A457CC /* ViewController.swift */ = {isa = PBXFileReference; lastKnownFileType = sourcecode.swift; path = ViewController.swift; sourceTree = "<group>"; };
		2CE2E5C3248E333D00A457CC /* Base */ = {isa = PBXFileReference; lastKnownFileType = file.storyboard; name = Base; path = Base.lproj/Main.storyboard; sourceTree = "<group>"; };
		2CE2E5C5248E333F00A457CC /* Assets.xcassets */ = {isa = PBXFileReference; lastKnownFileType = folder.assetcatalog; path = Assets.xcassets; sourceTree = "<group>"; };
		2CE2E5C8248E333F00A457CC /* Base */ = {isa = PBXFileReference; lastKnownFileType = file.storyboard; name = Base; path = Base.lproj/LaunchScreen.storyboard; sourceTree = "<group>"; };
		2CE2E5CA248E333F00A457CC /* Info.plist */ = {isa = PBXFileReference; lastKnownFileType = text.plist.xml; path = Info.plist; sourceTree = "<group>"; };
		2CE2E5CF248E334000A457CC /* GiledeRoseTests.xctest */ = {isa = PBXFileReference; explicitFileType = wrapper.cfbundle; includeInIndex = 0; path = GiledeRoseTests.xctest; sourceTree = BUILT_PRODUCTS_DIR; };
		2CE2E5D3248E334000A457CC /* GiledeRoseTests.swift */ = {isa = PBXFileReference; lastKnownFileType = sourcecode.swift; path = GiledeRoseTests.swift; sourceTree = "<group>"; };
		2CE2E5D5248E334000A457CC /* Info.plist */ = {isa = PBXFileReference; lastKnownFileType = text.plist.xml; path = Info.plist; sourceTree = "<group>"; };
		8AF5ADEF4D8B765C86FB85B0 /* Pods-GiledeRoseTests.release.xcconfig */ = {isa = PBXFileReference; includeInIndex = 1; lastKnownFileType = text.xcconfig; name = "Pods-GiledeRoseTests.release.xcconfig"; path = "Target Support Files/Pods-GiledeRoseTests/Pods-GiledeRoseTests.release.xcconfig"; sourceTree = "<group>"; };
		916657F44AB1E50DD8FFEC64 /* Pods-GiledeRose.release.xcconfig */ = {isa = PBXFileReference; includeInIndex = 1; lastKnownFileType = text.xcconfig; name = "Pods-GiledeRose.release.xcconfig"; path = "Target Support Files/Pods-GiledeRose/Pods-GiledeRose.release.xcconfig"; sourceTree = "<group>"; };
		A1955DF8B2AE656192060B36 /* Pods_GiledeRoseTests.framework */ = {isa = PBXFileReference; explicitFileType = wrapper.framework; includeInIndex = 0; path = Pods_GiledeRoseTests.framework; sourceTree = BUILT_PRODUCTS_DIR; };
		B030968B200BF19BF680A4B7 /* Pods-GiledeRose.debug.xcconfig */ = {isa = PBXFileReference; includeInIndex = 1; lastKnownFileType = text.xcconfig; name = "Pods-GiledeRose.debug.xcconfig"; path = "Target Support Files/Pods-GiledeRose/Pods-GiledeRose.debug.xcconfig"; sourceTree = "<group>"; };
		BDC793DA320EB36CF97BAD30 /* Pods-GiledeRoseTests.debug.xcconfig */ = {isa = PBXFileReference; includeInIndex = 1; lastKnownFileType = text.xcconfig; name = "Pods-GiledeRoseTests.debug.xcconfig"; path = "Target Support Files/Pods-GiledeRoseTests/Pods-GiledeRoseTests.debug.xcconfig"; sourceTree = "<group>"; };
/* End PBXFileReference section */

/* Begin PBXFrameworksBuildPhase section */
		2CE2E5B6248E333D00A457CC /* Frameworks */ = {
			isa = PBXFrameworksBuildPhase;
			buildActionMask = 2147483647;
			files = (
				EC025C80789C6222D24319F8 /* Pods_GiledeRose.framework in Frameworks */,
			);
			runOnlyForDeploymentPostprocessing = 0;
		};
		2CE2E5CC248E334000A457CC /* Frameworks */ = {
			isa = PBXFrameworksBuildPhase;
			buildActionMask = 2147483647;
			files = (
				ABEF8819C890691300F2D5C4 /* Pods_GiledeRoseTests.framework in Frameworks */,
			);
			runOnlyForDeploymentPostprocessing = 0;
		};
/* End PBXFrameworksBuildPhase section */

/* Begin PBXGroup section */
		14DFDC4C99B6145E29D51A03 /* Frameworks */ = {
			isa = PBXGroup;
			children = (
				24152F4D8E1A66CE1ABBF7A7 /* Pods_GiledeRose.framework */,
				A1955DF8B2AE656192060B36 /* Pods_GiledeRoseTests.framework */,
			);
			name = Frameworks;
			sourceTree = "<group>";
		};
		170AAA15DF9D780CD1DA08E4 /* Pods */ = {
			isa = PBXGroup;
			children = (
				B030968B200BF19BF680A4B7 /* Pods-GiledeRose.debug.xcconfig */,
				916657F44AB1E50DD8FFEC64 /* Pods-GiledeRose.release.xcconfig */,
				BDC793DA320EB36CF97BAD30 /* Pods-GiledeRoseTests.debug.xcconfig */,
				8AF5ADEF4D8B765C86FB85B0 /* Pods-GiledeRoseTests.release.xcconfig */,
			);
			name = Pods;
			path = Pods;
			sourceTree = "<group>";
		};
		2CE2E5B0248E333D00A457CC = {
			isa = PBXGroup;
			children = (
				2CE2E5BB248E333D00A457CC /* GiledeRose */,
				2CE2E5D2248E334000A457CC /* GiledeRoseTests */,
				2CE2E5BA248E333D00A457CC /* Products */,
				170AAA15DF9D780CD1DA08E4 /* Pods */,
				14DFDC4C99B6145E29D51A03 /* Frameworks */,
			);
			sourceTree = "<group>";
		};
		2CE2E5BA248E333D00A457CC /* Products */ = {
			isa = PBXGroup;
			children = (
				2CE2E5B9248E333D00A457CC /* GiledeRose.app */,
				2CE2E5CF248E334000A457CC /* GiledeRoseTests.xctest */,
			);
			name = Products;
			sourceTree = "<group>";
		};
		2CE2E5BB248E333D00A457CC /* GiledeRose */ = {
			isa = PBXGroup;
			children = (
				2CE2E5BC248E333D00A457CC /* AppDelegate.swift */,
				2CE2E5BE248E333D00A457CC /* SceneDelegate.swift */,
				2CE2E5C0248E333D00A457CC /* ViewController.swift */,
				2CE2E5C2248E333D00A457CC /* Main.storyboard */,
				2CE2E5C5248E333F00A457CC /* Assets.xcassets */,
				2CE2E5C7248E333F00A457CC /* LaunchScreen.storyboard */,
				2CE2E5CA248E333F00A457CC /* Info.plist */,
			);
			path = GiledeRose;
			sourceTree = "<group>";
		};
		2CE2E5D2248E334000A457CC /* GiledeRoseTests */ = {
			isa = PBXGroup;
			children = (
				2CE2E5D3248E334000A457CC /* GiledeRoseTests.swift */,
				2CE2E5D5248E334000A457CC /* Info.plist */,
			);
			path = GiledeRoseTests;
			sourceTree = "<group>";
		};
/* End PBXGroup section */

/* Begin PBXNativeTarget section */
		2CE2E5B8248E333D00A457CC /* GiledeRose */ = {
			isa = PBXNativeTarget;
			buildConfigurationList = 2CE2E5D8248E334000A457CC /* Build configuration list for PBXNativeTarget "GiledeRose" */;
			buildPhases = (
				E76A93C12AC874CD8421709D /* [CP] Check Pods Manifest.lock */,
				2CE2E5B5248E333D00A457CC /* Sources */,
				2CE2E5B6248E333D00A457CC /* Frameworks */,
				2CE2E5B7248E333D00A457CC /* Resources */,
			);
			buildRules = (
			);
			dependencies = (
			);
			name = GiledeRose;
			productName = GiledeRose;
			productReference = 2CE2E5B9248E333D00A457CC /* GiledeRose.app */;
			productType = "com.apple.product-type.application";
		};
		2CE2E5CE248E334000A457CC /* GiledeRoseTests */ = {
			isa = PBXNativeTarget;
			buildConfigurationList = 2CE2E5DB248E334000A457CC /* Build configuration list for PBXNativeTarget "GiledeRoseTests" */;
			buildPhases = (
				BD3BB0610DE38271954869A0 /* [CP] Check Pods Manifest.lock */,
				2CE2E5CB248E334000A457CC /* Sources */,
				2CE2E5CC248E334000A457CC /* Frameworks */,
				2CE2E5CD248E334000A457CC /* Resources */,
				774636052053E1A969E014A9 /* [CP] Embed Pods Frameworks */,
			);
			buildRules = (
			);
			dependencies = (
				2CE2E5D1248E334000A457CC /* PBXTargetDependency */,
			);
			name = GiledeRoseTests;
			productName = GiledeRoseTests;
			productReference = 2CE2E5CF248E334000A457CC /* GiledeRoseTests.xctest */;
			productType = "com.apple.product-type.bundle.unit-test";
		};
/* End PBXNativeTarget section */

/* Begin PBXProject section */
		2CE2E5B1248E333D00A457CC /* Project object */ = {
			isa = PBXProject;
			attributes = {
				LastSwiftUpdateCheck = 1130;
				LastUpgradeCheck = 1130;
				ORGANIZATIONNAME = ThoughtWorks;
				TargetAttributes = {
					2CE2E5B8248E333D00A457CC = {
						CreatedOnToolsVersion = 11.3.1;
					};
					2CE2E5CE248E334000A457CC = {
						CreatedOnToolsVersion = 11.3.1;
						TestTargetID = 2CE2E5B8248E333D00A457CC;
					};
				};
			};
			buildConfigurationList = 2CE2E5B4248E333D00A457CC /* Build configuration list for PBXProject "GiledeRose" */;
			compatibilityVersion = "Xcode 9.3";
			developmentRegion = en;
			hasScannedForEncodings = 0;
			knownRegions = (
				en,
				Base,
			);
			mainGroup = 2CE2E5B0248E333D00A457CC;
			productRefGroup = 2CE2E5BA248E333D00A457CC /* Products */;
			projectDirPath = "";
			projectRoot = "";
			targets = (
				2CE2E5B8248E333D00A457CC /* GiledeRose */,
				2CE2E5CE248E334000A457CC /* GiledeRoseTests */,
			);
		};
/* End PBXProject section */

/* Begin PBXResourcesBuildPhase section */
		2CE2E5B7248E333D00A457CC /* Resources */ = {
			isa = PBXResourcesBuildPhase;
			buildActionMask = 2147483647;
			files = (
				2CE2E5C9248E333F00A457CC /* LaunchScreen.storyboard in Resources */,
				2CE2E5C6248E333F00A457CC /* Assets.xcassets in Resources */,
				2CE2E5C4248E333D00A457CC /* Main.storyboard in Resources */,
			);
			runOnlyForDeploymentPostprocessing = 0;
		};
		2CE2E5CD248E334000A457CC /* Resources */ = {
			isa = PBXResourcesBuildPhase;
			buildActionMask = 2147483647;
			files = (
			);
			runOnlyForDeploymentPostprocessing = 0;
		};
/* End PBXResourcesBuildPhase section */

/* Begin PBXShellScriptBuildPhase section */
		774636052053E1A969E014A9 /* [CP] Embed Pods Frameworks */ = {
			isa = PBXShellScriptBuildPhase;
			buildActionMask = 2147483647;
			files = (
			);
			inputFileListPaths = (
				"${PODS_ROOT}/Target Support Files/Pods-GiledeRoseTests/Pods-GiledeRoseTests-frameworks-${CONFIGURATION}-input-files.xcfilelist",
			);
			name = "[CP] Embed Pods Frameworks";
			outputFileListPaths = (
				"${PODS_ROOT}/Target Support Files/Pods-GiledeRoseTests/Pods-GiledeRoseTests-frameworks-${CONFIGURATION}-output-files.xcfilelist",
			);
			runOnlyForDeploymentPostprocessing = 0;
			shellPath = /bin/sh;
			shellScript = "\"${PODS_ROOT}/Target Support Files/Pods-GiledeRoseTests/Pods-GiledeRoseTests-frameworks.sh\"\n";
			showEnvVarsInLog = 0;
		};
		BD3BB0610DE38271954869A0 /* [CP] Check Pods Manifest.lock */ = {
			isa = PBXShellScriptBuildPhase;
			buildActionMask = 2147483647;
			files = (
			);
			inputFileListPaths = (
			);
			inputPaths = (
				"${PODS_PODFILE_DIR_PATH}/Podfile.lock",
				"${PODS_ROOT}/Manifest.lock",
			);
			name = "[CP] Check Pods Manifest.lock";
			outputFileListPaths = (
			);
			outputPaths = (
				"$(DERIVED_FILE_DIR)/Pods-GiledeRoseTests-checkManifestLockResult.txt",
			);
			runOnlyForDeploymentPostprocessing = 0;
			shellPath = /bin/sh;
			shellScript = "diff \"${PODS_PODFILE_DIR_PATH}/Podfile.lock\" \"${PODS_ROOT}/Manifest.lock\" > /dev/null\nif [ $? != 0 ] ; then\n    # print error to STDERR\n    echo \"error: The sandbox is not in sync with the Podfile.lock. Run 'pod install' or update your CocoaPods installation.\" >&2\n    exit 1\nfi\n# This output is used by Xcode 'outputs' to avoid re-running this script phase.\necho \"SUCCESS\" > \"${SCRIPT_OUTPUT_FILE_0}\"\n";
			showEnvVarsInLog = 0;
		};
		E76A93C12AC874CD8421709D /* [CP] Check Pods Manifest.lock */ = {
			isa = PBXShellScriptBuildPhase;
			buildActionMask = 2147483647;
			files = (
			);
			inputFileListPaths = (
			);
			inputPaths = (
				"${PODS_PODFILE_DIR_PATH}/Podfile.lock",
				"${PODS_ROOT}/Manifest.lock",
			);
			name = "[CP] Check Pods Manifest.lock";
			outputFileListPaths = (
			);
			outputPaths = (
				"$(DERIVED_FILE_DIR)/Pods-GiledeRose-checkManifestLockResult.txt",
			);
			runOnlyForDeploymentPostprocessing = 0;
			shellPath = /bin/sh;
			shellScript = "diff \"${PODS_PODFILE_DIR_PATH}/Podfile.lock\" \"${PODS_ROOT}/Manifest.lock\" > /dev/null\nif [ $? != 0 ] ; then\n    # print error to STDERR\n    echo \"error: The sandbox is not in sync with the Podfile.lock. Run 'pod install' or update your CocoaPods installation.\" >&2\n    exit 1\nfi\n# This output is used by Xcode 'outputs' to avoid re-running this script phase.\necho \"SUCCESS\" > \"${SCRIPT_OUTPUT_FILE_0}\"\n";
			showEnvVarsInLog = 0;
		};
/* End PBXShellScriptBuildPhase section */

/* Begin PBXSourcesBuildPhase section */
		2CE2E5B5248E333D00A457CC /* Sources */ = {
			isa = PBXSourcesBuildPhase;
			buildActionMask = 2147483647;
			files = (
				2CE2E5C1248E333D00A457CC /* ViewController.swift in Sources */,
				2CE2E5BD248E333D00A457CC /* AppDelegate.swift in Sources */,
				2CE2E5BF248E333D00A457CC /* SceneDelegate.swift in Sources */,
			);
			runOnlyForDeploymentPostprocessing = 0;
		};
		2CE2E5CB248E334000A457CC /* Sources */ = {
			isa = PBXSourcesBuildPhase;
			buildActionMask = 2147483647;
			files = (
				2CE2E5D4248E334000A457CC /* GiledeRoseTests.swift in Sources */,
			);
			runOnlyForDeploymentPostprocessing = 0;
		};
/* End PBXSourcesBuildPhase section */

/* Begin PBXTargetDependency section */
		2CE2E5D1248E334000A457CC /* PBXTargetDependency */ = {
			isa = PBXTargetDependency;
			target = 2CE2E5B8248E333D00A457CC /* GiledeRose */;
			targetProxy = 2CE2E5D0248E334000A457CC /* PBXContainerItemProxy */;
		};
/* End PBXTargetDependency section */

/* Begin PBXVariantGroup section */
		2CE2E5C2248E333D00A457CC /* Main.storyboard */ = {
			isa = PBXVariantGroup;
			children = (
				2CE2E5C3248E333D00A457CC /* Base */,
			);
			name = Main.storyboard;
			sourceTree = "<group>";
		};
		2CE2E5C7248E333F00A457CC /* LaunchScreen.storyboard */ = {
			isa = PBXVariantGroup;
			children = (
				2CE2E5C8248E333F00A457CC /* Base */,
			);
			name = LaunchScreen.storyboard;
			sourceTree = "<group>";
		};
/* End PBXVariantGroup section */

/* Begin XCBuildConfiguration section */
		2CE2E5D6248E334000A457CC /* Debug */ = {
			isa = XCBuildConfiguration;
			buildSettings = {
				ALWAYS_SEARCH_USER_PATHS = NO;
				CLANG_ANALYZER_NONNULL = YES;
				CLANG_ANALYZER_NUMBER_OBJECT_CONVERSION = YES_AGGRESSIVE;
				CLANG_CXX_LANGUAGE_STANDARD = "gnu++14";
				CLANG_CXX_LIBRARY = "libc++";
				CLANG_ENABLE_MODULES = YES;
				CLANG_ENABLE_OBJC_ARC = YES;
				CLANG_ENABLE_OBJC_WEAK = YES;
				CLANG_WARN_BLOCK_CAPTURE_AUTORELEASING = YES;
				CLANG_WARN_BOOL_CONVERSION = YES;
				CLANG_WARN_COMMA = YES;
				CLANG_WARN_CONSTANT_CONVERSION = YES;
				CLANG_WARN_DEPRECATED_OBJC_IMPLEMENTATIONS = YES;
				CLANG_WARN_DIRECT_OBJC_ISA_USAGE = YES_ERROR;
				CLANG_WARN_DOCUMENTATION_COMMENTS = YES;
				CLANG_WARN_EMPTY_BODY = YES;
				CLANG_WARN_ENUM_CONVERSION = YES;
				CLANG_WARN_INFINITE_RECURSION = YES;
				CLANG_WARN_INT_CONVERSION = YES;
				CLANG_WARN_NON_LITERAL_NULL_CONVERSION = YES;
				CLANG_WARN_OBJC_IMPLICIT_RETAIN_SELF = YES;
				CLANG_WARN_OBJC_LITERAL_CONVERSION = YES;
				CLANG_WARN_OBJC_ROOT_CLASS = YES_ERROR;
				CLANG_WARN_RANGE_LOOP_ANALYSIS = YES;
				CLANG_WARN_STRICT_PROTOTYPES = YES;
				CLANG_WARN_SUSPICIOUS_MOVE = YES;
				CLANG_WARN_UNGUARDED_AVAILABILITY = YES_AGGRESSIVE;
				CLANG_WARN_UNREACHABLE_CODE = YES;
				CLANG_WARN__DUPLICATE_METHOD_MATCH = YES;
				COPY_PHASE_STRIP = NO;
				DEBUG_INFORMATION_FORMAT = dwarf;
				ENABLE_STRICT_OBJC_MSGSEND = YES;
				ENABLE_TESTABILITY = YES;
				GCC_C_LANGUAGE_STANDARD = gnu11;
				GCC_DYNAMIC_NO_PIC = NO;
				GCC_NO_COMMON_BLOCKS = YES;
				GCC_OPTIMIZATION_LEVEL = 0;
				GCC_PREPROCESSOR_DEFINITIONS = (
					"DEBUG=1",
					"$(inherited)",
				);
				GCC_WARN_64_TO_32_BIT_CONVERSION = YES;
				GCC_WARN_ABOUT_RETURN_TYPE = YES_ERROR;
				GCC_WARN_UNDECLARED_SELECTOR = YES;
				GCC_WARN_UNINITIALIZED_AUTOS = YES_AGGRESSIVE;
				GCC_WARN_UNUSED_FUNCTION = YES;
				GCC_WARN_UNUSED_VARIABLE = YES;
				IPHONEOS_DEPLOYMENT_TARGET = 13.2;
				MTL_ENABLE_DEBUG_INFO = INCLUDE_SOURCE;
				MTL_FAST_MATH = YES;
				ONLY_ACTIVE_ARCH = YES;
				SDKROOT = iphoneos;
				SWIFT_ACTIVE_COMPILATION_CONDITIONS = DEBUG;
				SWIFT_OPTIMIZATION_LEVEL = "-Onone";
			};
			name = Debug;
		};
		2CE2E5D7248E334000A457CC /* Release */ = {
			isa = XCBuildConfiguration;
			buildSettings = {
				ALWAYS_SEARCH_USER_PATHS = NO;
				CLANG_ANALYZER_NONNULL = YES;
				CLANG_ANALYZER_NUMBER_OBJECT_CONVERSION = YES_AGGRESSIVE;
				CLANG_CXX_LANGUAGE_STANDARD = "gnu++14";
				CLANG_CXX_LIBRARY = "libc++";
				CLANG_ENABLE_MODULES = YES;
				CLANG_ENABLE_OBJC_ARC = YES;
				CLANG_ENABLE_OBJC_WEAK = YES;
				CLANG_WARN_BLOCK_CAPTURE_AUTORELEASING = YES;
				CLANG_WARN_BOOL_CONVERSION = YES;
				CLANG_WARN_COMMA = YES;
				CLANG_WARN_CONSTANT_CONVERSION = YES;
				CLANG_WARN_DEPRECATED_OBJC_IMPLEMENTATIONS = YES;
				CLANG_WARN_DIRECT_OBJC_ISA_USAGE = YES_ERROR;
				CLANG_WARN_DOCUMENTATION_COMMENTS = YES;
				CLANG_WARN_EMPTY_BODY = YES;
				CLANG_WARN_ENUM_CONVERSION = YES;
				CLANG_WARN_INFINITE_RECURSION = YES;
				CLANG_WARN_INT_CONVERSION = YES;
				CLANG_WARN_NON_LITERAL_NULL_CONVERSION = YES;
				CLANG_WARN_OBJC_IMPLICIT_RETAIN_SELF = YES;
				CLANG_WARN_OBJC_LITERAL_CONVERSION = YES;
				CLANG_WARN_OBJC_ROOT_CLASS = YES_ERROR;
				CLANG_WARN_RANGE_LOOP_ANALYSIS = YES;
				CLANG_WARN_STRICT_PROTOTYPES = YES;
				CLANG_WARN_SUSPICIOUS_MOVE = YES;
				CLANG_WARN_UNGUARDED_AVAILABILITY = YES_AGGRESSIVE;
				CLANG_WARN_UNREACHABLE_CODE = YES;
				CLANG_WARN__DUPLICATE_METHOD_MATCH = YES;
				COPY_PHASE_STRIP = NO;
				DEBUG_INFORMATION_FORMAT = "dwarf-with-dsym";
				ENABLE_NS_ASSERTIONS = NO;
				ENABLE_STRICT_OBJC_MSGSEND = YES;
				GCC_C_LANGUAGE_STANDARD = gnu11;
				GCC_NO_COMMON_BLOCKS = YES;
				GCC_WARN_64_TO_32_BIT_CONVERSION = YES;
				GCC_WARN_ABOUT_RETURN_TYPE = YES_ERROR;
				GCC_WARN_UNDECLARED_SELECTOR = YES;
				GCC_WARN_UNINITIALIZED_AUTOS = YES_AGGRESSIVE;
				GCC_WARN_UNUSED_FUNCTION = YES;
				GCC_WARN_UNUSED_VARIABLE = YES;
				IPHONEOS_DEPLOYMENT_TARGET = 13.2;
				MTL_ENABLE_DEBUG_INFO = NO;
				MTL_FAST_MATH = YES;
				SDKROOT = iphoneos;
				SWIFT_COMPILATION_MODE = wholemodule;
				SWIFT_OPTIMIZATION_LEVEL = "-O";
				VALIDATE_PRODUCT = YES;
			};
			name = Release;
		};
		2CE2E5D9248E334000A457CC /* Debug */ = {
			isa = XCBuildConfiguration;
			baseConfigurationReference = B030968B200BF19BF680A4B7 /* Pods-GiledeRose.debug.xcconfig */;
			buildSettings = {
				ASSETCATALOG_COMPILER_APPICON_NAME = AppIcon;
				CODE_SIGN_STYLE = Automatic;
				INFOPLIST_FILE = GiledeRose/Info.plist;
				LD_RUNPATH_SEARCH_PATHS = (
					"$(inherited)",
					"@executable_path/Frameworks",
				);
				PRODUCT_BUNDLE_IDENTIFIER = com.GiledeRose;
				PRODUCT_NAME = "$(TARGET_NAME)";
				SWIFT_VERSION = 5.0;
				TARGETED_DEVICE_FAMILY = "1,2";
			};
			name = Debug;
		};
		2CE2E5DA248E334000A457CC /* Release */ = {
			isa = XCBuildConfiguration;
			baseConfigurationReference = 916657F44AB1E50DD8FFEC64 /* Pods-GiledeRose.release.xcconfig */;
			buildSettings = {
				ASSETCATALOG_COMPILER_APPICON_NAME = AppIcon;
				CODE_SIGN_STYLE = Automatic;
				INFOPLIST_FILE = GiledeRose/Info.plist;
				LD_RUNPATH_SEARCH_PATHS = (
					"$(inherited)",
					"@executable_path/Frameworks",
				);
				PRODUCT_BUNDLE_IDENTIFIER = com.GiledeRose;
				PRODUCT_NAME = "$(TARGET_NAME)";
				SWIFT_VERSION = 5.0;
				TARGETED_DEVICE_FAMILY = "1,2";
			};
			name = Release;
		};
		2CE2E5DC248E334000A457CC /* Debug */ = {
			isa = XCBuildConfiguration;
			baseConfigurationReference = BDC793DA320EB36CF97BAD30 /* Pods-GiledeRoseTests.debug.xcconfig */;
			buildSettings = {
				ALWAYS_EMBED_SWIFT_STANDARD_LIBRARIES = YES;
				BUNDLE_LOADER = "$(TEST_HOST)";
				CODE_SIGN_STYLE = Automatic;
				INFOPLIST_FILE = GiledeRoseTests/Info.plist;
				IPHONEOS_DEPLOYMENT_TARGET = 13.2;
				LD_RUNPATH_SEARCH_PATHS = (
					"$(inherited)",
					"@executable_path/Frameworks",
					"@loader_path/Frameworks",
				);
				PRODUCT_BUNDLE_IDENTIFIER = com.GiledeRoseTests;
				PRODUCT_NAME = "$(TARGET_NAME)";
				SWIFT_VERSION = 5.0;
				TARGETED_DEVICE_FAMILY = "1,2";
				TEST_HOST = "$(BUILT_PRODUCTS_DIR)/GiledeRose.app/GiledeRose";
			};
			name = Debug;
		};
		2CE2E5DD248E334000A457CC /* Release */ = {
			isa = XCBuildConfiguration;
			baseConfigurationReference = 8AF5ADEF4D8B765C86FB85B0 /* Pods-GiledeRoseTests.release.xcconfig */;
			buildSettings = {
				ALWAYS_EMBED_SWIFT_STANDARD_LIBRARIES = YES;
				BUNDLE_LOADER = "$(TEST_HOST)";
				CODE_SIGN_STYLE = Automatic;
				INFOPLIST_FILE = GiledeRoseTests/Info.plist;
				IPHONEOS_DEPLOYMENT_TARGET = 13.2;
				LD_RUNPATH_SEARCH_PATHS = (
					"$(inherited)",
					"@executable_path/Frameworks",
					"@loader_path/Frameworks",
				);
				PRODUCT_BUNDLE_IDENTIFIER = com.GiledeRoseTests;
				PRODUCT_NAME = "$(TARGET_NAME)";
				SWIFT_VERSION = 5.0;
				TARGETED_DEVICE_FAMILY = "1,2";
				TEST_HOST = "$(BUILT_PRODUCTS_DIR)/GiledeRose.app/GiledeRose";
			};
			name = Release;
		};
/* End XCBuildConfiguration section */

/* Begin XCConfigurationList section */
		2CE2E5B4248E333D00A457CC /* Build configuration list for PBXProject "GiledeRose" */ = {
			isa = XCConfigurationList;
			buildConfigurations = (
				2CE2E5D6248E334000A457CC /* Debug */,
				2CE2E5D7248E334000A457CC /* Release */,
			);
			defaultConfigurationIsVisible = 0;
			defaultConfigurationName = Release;
		};
		2CE2E5D8248E334000A457CC /* Build configuration list for PBXNativeTarget "GiledeRose" */ = {
			isa = XCConfigurationList;
			buildConfigurations = (
				2CE2E5D9248E334000A457CC /* Debug */,
				2CE2E5DA248E334000A457CC /* Release */,
			);
			defaultConfigurationIsVisible = 0;
			defaultConfigurationName = Release;
		};
		2CE2E5DB248E334000A457CC /* Build configuration list for PBXNativeTarget "GiledeRoseTests" */ = {
			isa = XCConfigurationList;
			buildConfigurations = (
				2CE2E5DC248E334000A457CC /* Debug */,
				2CE2E5DD248E334000A457CC /* Release */,
			);
			defaultConfigurationIsVisible = 0;
			defaultConfigurationName = Release;
		};
/* End XCConfigurationList section */
	};
	rootObject = 2CE2E5B1248E333D00A457CC /* Project object */;
}
